PODS:
  - ActionSheetPicker-3.0 (2.7.1)
  - SnapKit (5.6.0)

DEPENDENCIES:
  - ActionSheetPicker-3.0
  - SnapKit

SPEC REPOS:
  trunk:
    - ActionSheetPicker-3.0
    - SnapKit

SPEC CHECKSUMS:
  ActionSheetPicker-3.0: 36da254b97a09ff89679ecb8b8510bd3e5bdc773
  SnapKit: e01d52ebb8ddbc333eefe2132acf85c8227d9c25

PODFILE CHECKSUM: 917959a8e573d483f3ce7e0bcd99d31862c2495e

COCOAPODS: 1.11.3
