// !$*UTF8*$!
{
	archiveVersion = 1;
	classes = {
	};
	objectVersion = 56;
	objects = {

/* Begin PBXBuildFile section */
		38AECFE128DC5C5B00C2BF8A /* AppDelegate.swift in Sources */ = {isa = PBXBuildFile; fileRef = 38AECFE028DC5C5B00C2BF8A /* AppDelegate.swift */; };
		38AECFE328DC5C5B00C2BF8A /* SceneDelegate.swift in Sources */ = {isa = PBXBuildFile; fileRef = 38AECFE228DC5C5B00C2BF8A /* SceneDelegate.swift */; };
		38AECFE528DC5C5B00C2BF8A /* ViewController.swift in Sources */ = {isa = PBXBuildFile; fileRef = 38AECFE428DC5C5B00C2BF8A /* ViewController.swift */; };
		38AECFE828DC5C5B00C2BF8A /* Main.storyboard in Resources */ = {isa = PBXBuildFile; fileRef = 38AECFE628DC5C5B00C2BF8A /* Main.storyboard */; };
		38AECFEB28DC5C5B00C2BF8A /* luffyRun.xcdatamodeld in Sources */ = {isa = PBXBuildFile; fileRef = 38AECFE928DC5C5B00C2BF8A /* luffyRun.xcdatamodeld */; };
		38AECFED28DC5C5C00C2BF8A /* Assets.xcassets in Resources */ = {isa = PBXBuildFile; fileRef = 38AECFEC28DC5C5C00C2BF8A /* Assets.xcassets */; };
		38AECFF028DC5C5C00C2BF8A /* LaunchScreen.storyboard in Resources */ = {isa = PBXBuildFile; fileRef = 38AECFEE28DC5C5C00C2BF8A /* LaunchScreen.storyboard */; };
/* End PBXBuildFile section */

/* Begin PBXFileReference section */
		38AECFDD28DC5C5B00C2BF8A /* luffyRun.app */ = {isa = PBXFileReference; explicitFileType = wrapper.application; includeInIndex = 0; path = luffyRun.app; sourceTree = BUILT_PRODUCTS_DIR; };
		38AECFE028DC5C5B00C2BF8A /* AppDelegate.swift */ = {isa = PBXFileReference; lastKnownFileType = sourcecode.swift; path = AppDelegate.swift; sourceTree = "<group>"; };
		38AECFE228DC5C5B00C2BF8A /* SceneDelegate.swift */ = {isa = PBXFileReference; lastKnownFileType = sourcecode.swift; path = SceneDelegate.swift; sourceTree = "<group>"; };
		38AECFE428DC5C5B00C2BF8A /* ViewController.swift */ = {isa = PBXFileReference; lastKnownFileType = sourcecode.swift; path = ViewController.swift; sourceTree = "<group>"; };
		38AECFE728DC5C5B00C2BF8A /* Base */ = {isa = PBXFileReference; lastKnownFileType = file.storyboard; name = Base; path = Base.lproj/Main.storyboard; sourceTree = "<group>"; };
		38AECFEA28DC5C5B00C2BF8A /* luffyRun.xcdatamodel */ = {isa = PBXFileReference; lastKnownFileType = wrapper.xcdatamodel; path = luffyRun.xcdatamodel; sourceTree = "<group>"; };
		38AECFEC28DC5C5C00C2BF8A /* Assets.xcassets */ = {isa = PBXFileReference; lastKnownFileType = folder.assetcatalog; path = Assets.xcassets; sourceTree = "<group>"; };
		38AECFEF28DC5C5C00C2BF8A /* Base */ = {isa = PBXFileReference; lastKnownFileType = file.storyboard; name = Base; path = Base.lproj/LaunchScreen.storyboard; sourceTree = "<group>"; };
		38AECFF128DC5C5C00C2BF8A /* Info.plist */ = {isa = PBXFileReference; lastKnownFileType = text.plist.xml; path = Info.plist; sourceTree = "<group>"; };
/* End PBXFileReference section */

/* Begin PBXFrameworksBuildPhase section */
		38AECFDA28DC5C5B00C2BF8A /* Frameworks */ = {
			isa = PBXFrameworksBuildPhase;
			buildActionMask = 2147483647;
			files = (
			);
			runOnlyForDeploymentPostprocessing = 0;
		};
/* End PBXFrameworksBuildPhase section */

/* Begin PBXGroup section */
		38AECFD428DC5C5B00C2BF8A = {
			isa = PBXGroup;
			children = (
				38AECFDF28DC5C5B00C2BF8A /* luffyRun */,
				38AECFDE28DC5C5B00C2BF8A /* Products */,
			);
			sourceTree = "<group>";
		};
		38AECFDE28DC5C5B00C2BF8A /* Products */ = {
			isa = PBXGroup;
			children = (
				38AECFDD28DC5C5B00C2BF8A /* luffyRun.app */,
			);
			name = Products;
			sourceTree = "<group>";
		};
		38AECFDF28DC5C5B00C2BF8A /* luffyRun */ = {
			isa = PBXGroup;
			children = (
				38AECFE028DC5C5B00C2BF8A /* AppDelegate.swift */,
				38AECFE228DC5C5B00C2BF8A /* SceneDelegate.swift */,
				38AECFE428DC5C5B00C2BF8A /* ViewController.swift */,
				38AECFE628DC5C5B00C2BF8A /* Main.storyboard */,
				38AECFEC28DC5C5C00C2BF8A /* Assets.xcassets */,
				38AECFEE28DC5C5C00C2BF8A /* LaunchScreen.storyboard */,
				38AECFF128DC5C5C00C2BF8A /* Info.plist */,
				38AECFE928DC5C5B00C2BF8A /* luffyRun.xcdatamodeld */,
			);
			path = luffyRun;
			sourceTree = "<group>";
		};
/* End PBXGroup section */

/* Begin PBXNativeTarget section */
		38AECFDC28DC5C5B00C2BF8A /* luffyRun */ = {
			isa = PBXNativeTarget;
			buildConfigurationList = 38AECFF428DC5C5C00C2BF8A /* Build configuration list for PBXNativeTarget "luffyRun" */;
			buildPhases = (
				38AECFD928DC5C5B00C2BF8A /* Sources */,
				38AECFDA28DC5C5B00C2BF8A /* Frameworks */,
				38AECFDB28DC5C5B00C2BF8A /* Resources */,
			);
			buildRules = (
			);
			dependencies = (
			);
			name = luffyRun;
			productName = luffyRun;
			productReference = 38AECFDD28DC5C5B00C2BF8A /* luffyRun.app */;
			productType = "com.apple.product-type.application";
		};
/* End PBXNativeTarget section */

/* Begin PBXProject section */
		38AECFD528DC5C5B00C2BF8A /* Project object */ = {
			isa = PBXProject;
			attributes = {
				BuildIndependentTargetsInParallel = 1;
				LastSwiftUpdateCheck = 1400;
				LastUpgradeCheck = 1400;
				TargetAttributes = {
					38AECFDC28DC5C5B00C2BF8A = {
						CreatedOnToolsVersion = 14.0;
					};
				};
			};
			buildConfigurationList = 38AECFD828DC5C5B00C2BF8A /* Build configuration list for PBXProject "luffyRun" */;
			compatibilityVersion = "Xcode 14.0";
			developmentRegion = en;
			hasScannedForEncodings = 0;
			knownRegions = (
				en,
				Base,
			);
			mainGroup = 38AECFD428DC5C5B00C2BF8A;
			productRefGroup = 38AECFDE28DC5C5B00C2BF8A /* Products */;
			projectDirPath = "";
			projectRoot = "";
			targets = (
				38AECFDC28DC5C5B00C2BF8A /* luffyRun */,
			);
		};
/* End PBXProject section */

/* Begin PBXResourcesBuildPhase section */
		38AECFDB28DC5C5B00C2BF8A /* Resources */ = {
			isa = PBXResourcesBuildPhase;
			buildActionMask = 2147483647;
			files = (
				38AECFF028DC5C5C00C2BF8A /* LaunchScreen.storyboard in Resources */,
				38AECFED28DC5C5C00C2BF8A /* Assets.xcassets in Resources */,
				38AECFE828DC5C5B00C2BF8A /* Main.storyboard in Resources */,
			);
			runOnlyForDeploymentPostprocessing = 0;
		};
/* End PBXResourcesBuildPhase section */

/* Begin PBXSourcesBuildPhase section */
		38AECFD928DC5C5B00C2BF8A /* Sources */ = {
			isa = PBXSourcesBuildPhase;
			buildActionMask = 2147483647;
			files = (
				38AECFEB28DC5C5B00C2BF8A /* luffyRun.xcdatamodeld in Sources */,
				38AECFE528DC5C5B00C2BF8A /* ViewController.swift in Sources */,
				38AECFE128DC5C5B00C2BF8A /* AppDelegate.swift in Sources */,
				38AECFE328DC5C5B00C2BF8A /* SceneDelegate.swift in Sources */,
			);
			runOnlyForDeploymentPostprocessing = 0;
		};
/* End PBXSourcesBuildPhase section */

/* Begin PBXVariantGroup section */
		38AECFE628DC5C5B00C2BF8A /* Main.storyboard */ = {
			isa = PBXVariantGroup;
			children = (
				38AECFE728DC5C5B00C2BF8A /* Base */,
			);
			name = Main.storyboard;
			sourceTree = "<group>";
		};
		38AECFEE28DC5C5C00C2BF8A /* LaunchScreen.storyboard */ = {
			isa = PBXVariantGroup;
			children = (
				38AECFEF28DC5C5C00C2BF8A /* Base */,
			);
			name = LaunchScreen.storyboard;
			sourceTree = "<group>";
		};
/* End PBXVariantGroup section */

/* Begin XCBuildConfiguration section */
		38AECFF228DC5C5C00C2BF8A /* Debug */ = {
			isa = XCBuildConfiguration;
			buildSettings = {
				ALWAYS_SEARCH_USER_PATHS = NO;
				CLANG_ANALYZER_NONNULL = YES;
				CLANG_ANALYZER_NUMBER_OBJECT_CONVERSION = YES_AGGRESSIVE;
				CLANG_CXX_LANGUAGE_STANDARD = "gnu++20";
				CLANG_ENABLE_MODULES = YES;
				CLANG_ENABLE_OBJC_ARC = YES;
				CLANG_ENABLE_OBJC_WEAK = YES;
				CLANG_WARN_BLOCK_CAPTURE_AUTORELEASING = YES;
				CLANG_WARN_BOOL_CONVERSION = YES;
				CLANG_WARN_COMMA = YES;
				CLANG_WARN_CONSTANT_CONVERSION = YES;
				CLANG_WARN_DEPRECATED_OBJC_IMPLEMENTATIONS = YES;
				CLANG_WARN_DIRECT_OBJC_ISA_USAGE = YES_ERROR;
				CLANG_WARN_DOCUMENTATION_COMMENTS = YES;
				CLANG_WARN_EMPTY_BODY = YES;
				CLANG_WARN_ENUM_CONVERSION = YES;
				CLANG_WARN_INFINITE_RECURSION = YES;
				CLANG_WARN_INT_CONVERSION = YES;
				CLANG_WARN_NON_LITERAL_NULL_CONVERSION = YES;
				CLANG_WARN_OBJC_IMPLICIT_RETAIN_SELF = YES;
				CLANG_WARN_OBJC_LITERAL_CONVERSION = YES;
				CLANG_WARN_OBJC_ROOT_CLASS = YES_ERROR;
				CLANG_WARN_QUOTED_INCLUDE_IN_FRAMEWORK_HEADER = YES;
				CLANG_WARN_RANGE_LOOP_ANALYSIS = YES;
				CLANG_WARN_STRICT_PROTOTYPES = YES;
				CLANG_WARN_SUSPICIOUS_MOVE = YES;
				CLANG_WARN_UNGUARDED_AVAILABILITY = YES_AGGRESSIVE;
				CLANG_WARN_UNREACHABLE_CODE = YES;
				CLANG_WARN__DUPLICATE_METHOD_MATCH = YES;
				COPY_PHASE_STRIP = NO;
				DEBUG_INFORMATION_FORMAT = dwarf;
				ENABLE_STRICT_OBJC_MSGSEND = YES;
				ENABLE_TESTABILITY = YES;
				GCC_C_LANGUAGE_STANDARD = gnu11;
				GCC_DYNAMIC_NO_PIC = NO;
				GCC_NO_COMMON_BLOCKS = YES;
				GCC_OPTIMIZATION_LEVEL = 0;
				GCC_PREPROCESSOR_DEFINITIONS = (
					"DEBUG=1",
					"$(inherited)",
				);
				GCC_WARN_64_TO_32_BIT_CONVERSION = YES;
				GCC_WARN_ABOUT_RETURN_TYPE = YES_ERROR;
				GCC_WARN_UNDECLARED_SELECTOR = YES;
				GCC_WARN_UNINITIALIZED_AUTOS = YES_AGGRESSIVE;
				GCC_WARN_UNUSED_FUNCTION = YES;
				GCC_WARN_UNUSED_VARIABLE = YES;
				IPHONEOS_DEPLOYMENT_TARGET = 16.0;
				MTL_ENABLE_DEBUG_INFO = INCLUDE_SOURCE;
				MTL_FAST_MATH = YES;
				ONLY_ACTIVE_ARCH = YES;
				SDKROOT = iphoneos;
				SWIFT_ACTIVE_COMPILATION_CONDITIONS = DEBUG;
				SWIFT_OPTIMIZATION_LEVEL = "-Onone";
			};
			name = Debug;
		};
		38AECFF328DC5C5C00C2BF8A /* Release */ = {
			isa = XCBuildConfiguration;
			buildSettings = {
				ALWAYS_SEARCH_USER_PATHS = NO;
				CLANG_ANALYZER_NONNULL = YES;
				CLANG_ANALYZER_NUMBER_OBJECT_CONVERSION = YES_AGGRESSIVE;
				CLANG_CXX_LANGUAGE_STANDARD = "gnu++20";
				CLANG_ENABLE_MODULES = YES;
				CLANG_ENABLE_OBJC_ARC = YES;
				CLANG_ENABLE_OBJC_WEAK = YES;
				CLANG_WARN_BLOCK_CAPTURE_AUTORELEASING = YES;
				CLANG_WARN_BOOL_CONVERSION = YES;
				CLANG_WARN_COMMA = YES;
				CLANG_WARN_CONSTANT_CONVERSION = YES;
				CLANG_WARN_DEPRECATED_OBJC_IMPLEMENTATIONS = YES;
				CLANG_WARN_DIRECT_OBJC_ISA_USAGE = YES_ERROR;
				CLANG_WARN_DOCUMENTATION_COMMENTS = YES;
				CLANG_WARN_EMPTY_BODY = YES;
				CLANG_WARN_ENUM_CONVERSION = YES;
				CLANG_WARN_INFINITE_RECURSION = YES;
				CLANG_WARN_INT_CONVERSION = YES;
				CLANG_WARN_NON_LITERAL_NULL_CONVERSION = YES;
				CLANG_WARN_OBJC_IMPLICIT_RETAIN_SELF = YES;
				CLANG_WARN_OBJC_LITERAL_CONVERSION = YES;
				CLANG_WARN_OBJC_ROOT_CLASS = YES_ERROR;
				CLANG_WARN_QUOTED_INCLUDE_IN_FRAMEWORK_HEADER = YES;
				CLANG_WARN_RANGE_LOOP_ANALYSIS = YES;
				CLANG_WARN_STRICT_PROTOTYPES = YES;
				CLANG_WARN_SUSPICIOUS_MOVE = YES;
				CLANG_WARN_UNGUARDED_AVAILABILITY = YES_AGGRESSIVE;
				CLANG_WARN_UNREACHABLE_CODE = YES;
				CLANG_WARN__DUPLICATE_METHOD_MATCH = YES;
				COPY_PHASE_STRIP = NO;
				DEBUG_INFORMATION_FORMAT = "dwarf-with-dsym";
				ENABLE_NS_ASSERTIONS = NO;
				ENABLE_STRICT_OBJC_MSGSEND = YES;
				GCC_C_LANGUAGE_STANDARD = gnu11;
				GCC_NO_COMMON_BLOCKS = YES;
				GCC_WARN_64_TO_32_BIT_CONVERSION = YES;
				GCC_WARN_ABOUT_RETURN_TYPE = YES_ERROR;
				GCC_WARN_UNDECLARED_SELECTOR = YES;
				GCC_WARN_UNINITIALIZED_AUTOS = YES_AGGRESSIVE;
				GCC_WARN_UNUSED_FUNCTION = YES;
				GCC_WARN_UNUSED_VARIABLE = YES;
				IPHONEOS_DEPLOYMENT_TARGET = 16.0;
				MTL_ENABLE_DEBUG_INFO = NO;
				MTL_FAST_MATH = YES;
				SDKROOT = iphoneos;
				SWIFT_COMPILATION_MODE = wholemodule;
				SWIFT_OPTIMIZATION_LEVEL = "-O";
				VALIDATE_PRODUCT = YES;
			};
			name = Release;
		};
		38AECFF528DC5C5C00C2BF8A /* Debug */ = {
			isa = XCBuildConfiguration;
			buildSettings = {
				ASSETCATALOG_COMPILER_APPICON_NAME = AppIcon;
				ASSETCATALOG_COMPILER_GLOBAL_ACCENT_COLOR_NAME = AccentColor;
				CODE_SIGN_STYLE = Automatic;
				CURRENT_PROJECT_VERSION = 1;
				DEVELOPMENT_TEAM = 545KNG585P;
				GENERATE_INFOPLIST_FILE = YES;
				INFOPLIST_FILE = luffyRun/Info.plist;
				INFOPLIST_KEY_UIApplicationSupportsIndirectInputEvents = YES;
				INFOPLIST_KEY_UILaunchStoryboardName = LaunchScreen;
				INFOPLIST_KEY_UIMainStoryboardFile = Main;
				INFOPLIST_KEY_UISupportedInterfaceOrientations_iPad = "UIInterfaceOrientationPortrait UIInterfaceOrientationPortraitUpsideDown UIInterfaceOrientationLandscapeLeft UIInterfaceOrientationLandscapeRight";
				INFOPLIST_KEY_UISupportedInterfaceOrientations_iPhone = "UIInterfaceOrientationPortrait UIInterfaceOrientationLandscapeLeft UIInterfaceOrientationLandscapeRight";
				LD_RUNPATH_SEARCH_PATHS = (
					"$(inherited)",
					"@executable_path/Frameworks",
				);
				MARKETING_VERSION = 1.0;
				PRODUCT_BUNDLE_IDENTIFIER = com.laihjx.luffyRun;
				PRODUCT_NAME = "$(TARGET_NAME)";
				SWIFT_EMIT_LOC_STRINGS = YES;
				SWIFT_VERSION = 5.0;
				TARGETED_DEVICE_FAMILY = "1,2";
			};
			name = Debug;
		};
		38AECFF628DC5C5C00C2BF8A /* Release */ = {
			isa = XCBuildConfiguration;
			buildSettings = {
				ASSETCATALOG_COMPILER_APPICON_NAME = AppIcon;
				ASSETCATALOG_COMPILER_GLOBAL_ACCENT_COLOR_NAME = AccentColor;
				CODE_SIGN_STYLE = Automatic;
				CURRENT_PROJECT_VERSION = 1;
				DEVELOPMENT_TEAM = 545KNG585P;
				GENERATE_INFOPLIST_FILE = YES;
				INFOPLIST_FILE = luffyRun/Info.plist;
				INFOPLIST_KEY_UIApplicationSupportsIndirectInputEvents = YES;
				INFOPLIST_KEY_UILaunchStoryboardName = LaunchScreen;
				INFOPLIST_KEY_UIMainStoryboardFile = Main;
				INFOPLIST_KEY_UISupportedInterfaceOrientations_iPad = "UIInterfaceOrientationPortrait UIInterfaceOrientationPortraitUpsideDown UIInterfaceOrientationLandscapeLeft UIInterfaceOrientationLandscapeRight";
				INFOPLIST_KEY_UISupportedInterfaceOrientations_iPhone = "UIInterfaceOrientationPortrait UIInterfaceOrientationLandscapeLeft UIInterfaceOrientationLandscapeRight";
				LD_RUNPATH_SEARCH_PATHS = (
					"$(inherited)",
					"@executable_path/Frameworks",
				);
				MARKETING_VERSION = 1.0;
				PRODUCT_BUNDLE_IDENTIFIER = com.laihjx.luffyRun;
				PRODUCT_NAME = "$(TARGET_NAME)";
				SWIFT_EMIT_LOC_STRINGS = YES;
				SWIFT_VERSION = 5.0;
				TARGETED_DEVICE_FAMILY = "1,2";
			};
			name = Release;
		};
/* End XCBuildConfiguration section */

/* Begin XCConfigurationList section */
		38AECFD828DC5C5B00C2BF8A /* Build configuration list for PBXProject "luffyRun" */ = {
			isa = XCConfigurationList;
			buildConfigurations = (
				38AECFF228DC5C5C00C2BF8A /* Debug */,
				38AECFF328DC5C5C00C2BF8A /* Release */,
			);
			defaultConfigurationIsVisible = 0;
			defaultConfigurationName = Release;
		};
		38AECFF428DC5C5C00C2BF8A /* Build configuration list for PBXNativeTarget "luffyRun" */ = {
			isa = XCConfigurationList;
			buildConfigurations = (
				38AECFF528DC5C5C00C2BF8A /* Debug */,
				38AECFF628DC5C5C00C2BF8A /* Release */,
			);
			defaultConfigurationIsVisible = 0;
			defaultConfigurationName = Release;
		};
/* End XCConfigurationList section */

/* Begin XCVersionGroup section */
		38AECFE928DC5C5B00C2BF8A /* luffyRun.xcdatamodeld */ = {
			isa = XCVersionGroup;
			children = (
				38AECFEA28DC5C5B00C2BF8A /* luffyRun.xcdatamodel */,
			);
			currentVersion = 38AECFEA28DC5C5B00C2BF8A /* luffyRun.xcdatamodel */;
			path = luffyRun.xcdatamodeld;
			sourceTree = "<group>";
			versionGroupType = wrapper.xcdatamodel;
		};
/* End XCVersionGroup section */
	};
	rootObject = 38AECFD528DC5C5B00C2BF8A /* Project object */;
}
